
Microsoft Visual Studio Solution File, Format Version 12.00
# Visual Studio Version 17
VisualStudioVersion = 17.11.35219.272
MinimumVisualStudioVersion = 10.0.40219.1
Project("{FAE04EC0-301F-11D3-BF4B-00C04F79EFBC}") = "GameCollection", "GameCollection.csproj", "{7E820E89-662A-43EC-BFE7-27AB347D7E14}"
EndProject
Global
	GlobalSection(SolutionConfigurationPlatforms) = preSolution
		Debug|Any CPU = Debug|Any CPU
		Release|Any CPU = Release|Any CPU
	EndGlobalSection
	GlobalSection(ProjectConfigurationPlatforms) = postSolution
		{7E820E89-662A-43EC-BFE7-27AB347D7E14}.Debug|Any CPU.ActiveCfg = Debug|Any CPU
		{7E820E89-662A-43EC-BFE7-27AB347D7E14}.Debug|Any CPU.Build.0 = Debug|Any CPU
		{7E820E89-662A-43EC-BFE7-27AB347D7E14}.Release|Any CPU.ActiveCfg = Release|Any CPU
		{7E820E89-662A-43EC-BFE7-27AB347D7E14}.Release|Any CPU.Build.0 = Release|Any CPU
	EndGlobalSection
	GlobalSection(SolutionProperties) = preSolution
		HideSolutionNode = FALSE
	EndGlobalSection
	GlobalSection(ExtensibilityGlobals) = postSolution
		SolutionGuid = {17CB4D7E-4B6A-43B4-9E74-3CDCE930AF45}
	EndGlobalSection
EndGlobal
